PODS:
  - Nimble (5.1.1)
  - NmeaParser (0.1.0)
  - Quick (1.0.0)

DEPENDENCIES:
  - Nimble (~> 5.1.1)
  - NmeaParser (from `../`)
  - Quick (~> 1.0.0)

EXTERNAL SOURCES:
  NmeaParser:
    :path: "../"

SPEC CHECKSUMS:
  Nimble: 415e3aa3267e7bc2c96b05fa814ddea7bb686a29
  NmeaParser: f75eb4106c2e032b6b19ddc5a90304318bf78765
  Quick: 8024e4a47e6cc03a9d5245ef0948264fc6d27cff

PODFILE CHECKSUM: 23355cbb2341274935c33765ff66f55ab5d6a632

COCOAPODS: 1.2.1
