PODS:
  - Nimble (7.0.3)
  - NmeaParser (0.1.1)
  - Quick (1.2.0)

DEPENDENCIES:
  - Nimble
  - NmeaParser (from `../`)
  - Quick

EXTERNAL SOURCES:
  NmeaParser:
    :path: ../

SPEC CHECKSUMS:
  Nimble: 7f5a9c447a33002645a071bddafbfb24ea70e0ac
  NmeaParser: 99aeb52fbc1bebb39e65240b062a2807680a6ba0
  Quick: 58d203b1c5e27fff7229c4c1ae445ad7069a7a08

PODFILE CHECKSUM: a575b713e2facce4390ecf985aae10384f3212f7

COCOAPODS: 1.4.0
