PODS:
  - Nimble (10.0.0)
  - NmeaParser (0.1.2)
  - Quick (5.0.1)

DEPENDENCIES:
  - Nimble
  - NmeaParser (from `../`)
  - Quick

SPEC REPOS:
  trunk:
    - Nimble
    - Quick

EXTERNAL SOURCES:
  NmeaParser:
    :path: "../"

SPEC CHECKSUMS:
  Nimble: 5316ef81a170ce87baf72dd961f22f89a602ff84
  NmeaParser: 691d485a33695493f296e0464725308df21bc651
  Quick: 749aa754fd1e7d984f2000fe051e18a3a9809179

PODFILE CHECKSUM: 935eae608a945359d80286d56a13dfde03acab16

COCOAPODS: 1.11.3
